// !$*UTF8*$!
{
	archiveVersion = 1;
	classes = {
	};
	objectVersion = 55;
	objects = {

/* Begin PBXBuildFile section */
		0601DE1F28CB2A1300116FD6 /* AppDelegate.swift in Sources */ = {isa = PBXBuildFile; fileRef = 0601DE1E28CB2A1300116FD6 /* AppDelegate.swift */; };
		0601DE2328CB2A1300116FD6 /* ViewController.swift in Sources */ = {isa = PBXBuildFile; fileRef = 0601DE2228CB2A1300116FD6 /* ViewController.swift */; };
		0601DE2628CB2A1300116FD6 /* Main.storyboard in Resources */ = {isa = PBXBuildFile; fileRef = 0601DE2428CB2A1300116FD6 /* Main.storyboard */; };
		0601DE2828CB2A1500116FD6 /* Assets.xcassets in Resources */ = {isa = PBXBuildFile; fileRef = 0601DE2728CB2A1500116FD6 /* Assets.xcassets */; };
		0601DE2B28CB2A1500116FD6 /* LaunchScreen.storyboard in Resources */ = {isa = PBXBuildFile; fileRef = 0601DE2928CB2A1500116FD6 /* LaunchScreen.storyboard */; };
		0601DE3428CB2D8F00116FD6 /* NeedleFoundation in Frameworks */ = {isa = PBXBuildFile; productRef = 0601DE3328CB2D8F00116FD6 /* NeedleFoundation */; };
		0601DE3728CB3F4000116FD6 /* Component.swift in Sources */ = {isa = PBXBuildFile; fileRef = 0601DE3628CB3F4000116FD6 /* Component.swift */; };
		0601DE3928CC430700116FD6 /* ViewModel.swift in Sources */ = {isa = PBXBuildFile; fileRef = 0601DE3828CC430700116FD6 /* ViewModel.swift */; };
		0601DE4328CC6FC600116FD6 /* NormalViewController.swift in Sources */ = {isa = PBXBuildFile; fileRef = 0601DE4228CC6FC600116FD6 /* NormalViewController.swift */; };
		0601DE4728CC825E00116FD6 /* NeedleGenerated.swift in Sources */ = {isa = PBXBuildFile; fileRef = 0601DE4628CC825E00116FD6 /* NeedleGenerated.swift */; };
/* End PBXBuildFile section */

/* Begin PBXFileReference section */
		0601DE1B28CB2A1300116FD6 /* test_needle.app */ = {isa = PBXFileReference; explicitFileType = wrapper.application; includeInIndex = 0; path = test_needle.app; sourceTree = BUILT_PRODUCTS_DIR; };
		0601DE1E28CB2A1300116FD6 /* AppDelegate.swift */ = {isa = PBXFileReference; lastKnownFileType = sourcecode.swift; path = AppDelegate.swift; sourceTree = "<group>"; };
		0601DE2228CB2A1300116FD6 /* ViewController.swift */ = {isa = PBXFileReference; lastKnownFileType = sourcecode.swift; path = ViewController.swift; sourceTree = "<group>"; };
		0601DE2528CB2A1300116FD6 /* Base */ = {isa = PBXFileReference; lastKnownFileType = file.storyboard; name = Base; path = Base.lproj/Main.storyboard; sourceTree = "<group>"; };
		0601DE2728CB2A1500116FD6 /* Assets.xcassets */ = {isa = PBXFileReference; lastKnownFileType = folder.assetcatalog; path = Assets.xcassets; sourceTree = "<group>"; };
		0601DE2A28CB2A1500116FD6 /* Base */ = {isa = PBXFileReference; lastKnownFileType = file.storyboard; name = Base; path = Base.lproj/LaunchScreen.storyboard; sourceTree = "<group>"; };
		0601DE2C28CB2A1500116FD6 /* Info.plist */ = {isa = PBXFileReference; lastKnownFileType = text.plist.xml; path = Info.plist; sourceTree = "<group>"; };
		0601DE3628CB3F4000116FD6 /* Component.swift */ = {isa = PBXFileReference; lastKnownFileType = sourcecode.swift; path = Component.swift; sourceTree = "<group>"; };
		0601DE3828CC430700116FD6 /* ViewModel.swift */ = {isa = PBXFileReference; lastKnownFileType = sourcecode.swift; path = ViewModel.swift; sourceTree = "<group>"; };
		0601DE4228CC6FC600116FD6 /* NormalViewController.swift */ = {isa = PBXFileReference; lastKnownFileType = sourcecode.swift; path = NormalViewController.swift; sourceTree = "<group>"; };
		0601DE4628CC825E00116FD6 /* NeedleGenerated.swift */ = {isa = PBXFileReference; fileEncoding = 4; lastKnownFileType = sourcecode.swift; path = NeedleGenerated.swift; sourceTree = "<group>"; };
/* End PBXFileReference section */

/* Begin PBXFrameworksBuildPhase section */
		0601DE1828CB2A1300116FD6 /* Frameworks */ = {
			isa = PBXFrameworksBuildPhase;
			buildActionMask = 2147483647;
			files = (
				0601DE3428CB2D8F00116FD6 /* NeedleFoundation in Frameworks */,
			);
			runOnlyForDeploymentPostprocessing = 0;
		};
/* End PBXFrameworksBuildPhase section */

/* Begin PBXGroup section */
		0601DE1228CB2A1300116FD6 = {
			isa = PBXGroup;
			children = (
				0601DE1D28CB2A1300116FD6 /* test_needle */,
				0601DE1C28CB2A1300116FD6 /* Products */,
			);
			sourceTree = "<group>";
		};
		0601DE1C28CB2A1300116FD6 /* Products */ = {
			isa = PBXGroup;
			children = (
				0601DE1B28CB2A1300116FD6 /* test_needle.app */,
			);
			name = Products;
			sourceTree = "<group>";
		};
		0601DE1D28CB2A1300116FD6 /* test_needle */ = {
			isa = PBXGroup;
			children = (
				0601DE4628CC825E00116FD6 /* NeedleGenerated.swift */,
				0601DE1E28CB2A1300116FD6 /* AppDelegate.swift */,
				0601DE2228CB2A1300116FD6 /* ViewController.swift */,
				0601DE4228CC6FC600116FD6 /* NormalViewController.swift */,
				0601DE3628CB3F4000116FD6 /* Component.swift */,
				0601DE3828CC430700116FD6 /* ViewModel.swift */,
				0601DE2428CB2A1300116FD6 /* Main.storyboard */,
				0601DE2728CB2A1500116FD6 /* Assets.xcassets */,
				0601DE2928CB2A1500116FD6 /* LaunchScreen.storyboard */,
				0601DE2C28CB2A1500116FD6 /* Info.plist */,
			);
			path = test_needle;
			sourceTree = "<group>";
		};
/* End PBXGroup section */

/* Begin PBXNativeTarget section */
		0601DE1A28CB2A1300116FD6 /* test_needle */ = {
			isa = PBXNativeTarget;
			buildConfigurationList = 0601DE2F28CB2A1500116FD6 /* Build configuration list for PBXNativeTarget "test_needle" */;
			buildPhases = (
				0601DE1728CB2A1300116FD6 /* Sources */,
				0601DE1828CB2A1300116FD6 /* Frameworks */,
				0601DE1928CB2A1300116FD6 /* Resources */,
				0601DE3B28CC4D0700116FD6 /* ShellScript */,
			);
			buildRules = (
			);
			dependencies = (
			);
			name = test_needle;
			packageProductDependencies = (
				0601DE3328CB2D8F00116FD6 /* NeedleFoundation */,
			);
			productName = test_needle;
			productReference = 0601DE1B28CB2A1300116FD6 /* test_needle.app */;
			productType = "com.apple.product-type.application";
		};
/* End PBXNativeTarget section */

/* Begin PBXProject section */
		0601DE1328CB2A1300116FD6 /* Project object */ = {
			isa = PBXProject;
			attributes = {
				BuildIndependentTargetsInParallel = 1;
				LastSwiftUpdateCheck = 1340;
				LastUpgradeCheck = 1340;
				TargetAttributes = {
					0601DE1A28CB2A1300116FD6 = {
						CreatedOnToolsVersion = 13.4.1;
					};
				};
			};
			buildConfigurationList = 0601DE1628CB2A1300116FD6 /* Build configuration list for PBXProject "test_needle" */;
			compatibilityVersion = "Xcode 13.0";
			developmentRegion = en;
			hasScannedForEncodings = 0;
			knownRegions = (
				en,
				Base,
			);
			mainGroup = 0601DE1228CB2A1300116FD6;
			packageReferences = (
				0601DE3228CB2D8F00116FD6 /* XCRemoteSwiftPackageReference "needle" */,
			);
			productRefGroup = 0601DE1C28CB2A1300116FD6 /* Products */;
			projectDirPath = "";
			projectRoot = "";
			targets = (
				0601DE1A28CB2A1300116FD6 /* test_needle */,
			);
		};
/* End PBXProject section */

/* Begin PBXResourcesBuildPhase section */
		0601DE1928CB2A1300116FD6 /* Resources */ = {
			isa = PBXResourcesBuildPhase;
			buildActionMask = 2147483647;
			files = (
				0601DE2B28CB2A1500116FD6 /* LaunchScreen.storyboard in Resources */,
				0601DE2828CB2A1500116FD6 /* Assets.xcassets in Resources */,
				0601DE2628CB2A1300116FD6 /* Main.storyboard in Resources */,
			);
			runOnlyForDeploymentPostprocessing = 0;
		};
/* End PBXResourcesBuildPhase section */

/* Begin PBXShellScriptBuildPhase section */
		0601DE3B28CC4D0700116FD6 /* ShellScript */ = {
			isa = PBXShellScriptBuildPhase;
			buildActionMask = 12;
			files = (
			);
			inputFileListPaths = (
			);
			inputPaths = (
			);
			outputFileListPaths = (
			);
			outputPaths = (
			);
			runOnlyForDeploymentPostprocessing = 0;
			shellPath = /bin/sh;
			shellScript = "# Type a script or drag a script file from your workspace to insert its path.\nneedle generate $PROJECT_DIR/$PROJECT_NAME/NeedleGenerated.swift $PROJECT_DIR\n";
		};
/* End PBXShellScriptBuildPhase section */

/* Begin PBXSourcesBuildPhase section */
		0601DE1728CB2A1300116FD6 /* Sources */ = {
			isa = PBXSourcesBuildPhase;
			buildActionMask = 2147483647;
			files = (
				0601DE3928CC430700116FD6 /* ViewModel.swift in Sources */,
				0601DE4328CC6FC600116FD6 /* NormalViewController.swift in Sources */,
				0601DE4728CC825E00116FD6 /* NeedleGenerated.swift in Sources */,
				0601DE2328CB2A1300116FD6 /* ViewController.swift in Sources */,
				0601DE3728CB3F4000116FD6 /* Component.swift in Sources */,
				0601DE1F28CB2A1300116FD6 /* AppDelegate.swift in Sources */,
			);
			runOnlyForDeploymentPostprocessing = 0;
		};
/* End PBXSourcesBuildPhase section */

/* Begin PBXVariantGroup section */
		0601DE2428CB2A1300116FD6 /* Main.storyboard */ = {
			isa = PBXVariantGroup;
			children = (
				0601DE2528CB2A1300116FD6 /* Base */,
			);
			name = Main.storyboard;
			sourceTree = "<group>";
		};
		0601DE2928CB2A1500116FD6 /* LaunchScreen.storyboard */ = {
			isa = PBXVariantGroup;
			children = (
				0601DE2A28CB2A1500116FD6 /* Base */,
			);
			name = LaunchScreen.storyboard;
			sourceTree = "<group>";
		};
/* End PBXVariantGroup section */

/* Begin XCBuildConfiguration section */
		0601DE2D28CB2A1500116FD6 /* Debug */ = {
			isa = XCBuildConfiguration;
			buildSettings = {
				ALWAYS_SEARCH_USER_PATHS = NO;
				CLANG_ANALYZER_NONNULL = YES;
				CLANG_ANALYZER_NUMBER_OBJECT_CONVERSION = YES_AGGRESSIVE;
				CLANG_CXX_LANGUAGE_STANDARD = "gnu++17";
				CLANG_ENABLE_MODULES = YES;
				CLANG_ENABLE_OBJC_ARC = YES;
				CLANG_ENABLE_OBJC_WEAK = YES;
				CLANG_WARN_BLOCK_CAPTURE_AUTORELEASING = YES;
				CLANG_WARN_BOOL_CONVERSION = YES;
				CLANG_WARN_COMMA = YES;
				CLANG_WARN_CONSTANT_CONVERSION = YES;
				CLANG_WARN_DEPRECATED_OBJC_IMPLEMENTATIONS = YES;
				CLANG_WARN_DIRECT_OBJC_ISA_USAGE = YES_ERROR;
				CLANG_WARN_DOCUMENTATION_COMMENTS = YES;
				CLANG_WARN_EMPTY_BODY = YES;
				CLANG_WARN_ENUM_CONVERSION = YES;
				CLANG_WARN_INFINITE_RECURSION = YES;
				CLANG_WARN_INT_CONVERSION = YES;
				CLANG_WARN_NON_LITERAL_NULL_CONVERSION = YES;
				CLANG_WARN_OBJC_IMPLICIT_RETAIN_SELF = YES;
				CLANG_WARN_OBJC_LITERAL_CONVERSION = YES;
				CLANG_WARN_OBJC_ROOT_CLASS = YES_ERROR;
				CLANG_WARN_QUOTED_INCLUDE_IN_FRAMEWORK_HEADER = YES;
				CLANG_WARN_RANGE_LOOP_ANALYSIS = YES;
				CLANG_WARN_STRICT_PROTOTYPES = YES;
				CLANG_WARN_SUSPICIOUS_MOVE = YES;
				CLANG_WARN_UNGUARDED_AVAILABILITY = YES_AGGRESSIVE;
				CLANG_WARN_UNREACHABLE_CODE = YES;
				CLANG_WARN__DUPLICATE_METHOD_MATCH = YES;
				COPY_PHASE_STRIP = NO;
				DEBUG_INFORMATION_FORMAT = dwarf;
				ENABLE_STRICT_OBJC_MSGSEND = YES;
				ENABLE_TESTABILITY = YES;
				GCC_C_LANGUAGE_STANDARD = gnu11;
				GCC_DYNAMIC_NO_PIC = NO;
				GCC_NO_COMMON_BLOCKS = YES;
				GCC_OPTIMIZATION_LEVEL = 0;
				GCC_PREPROCESSOR_DEFINITIONS = (
					"DEBUG=1",
					"$(inherited)",
				);
				GCC_WARN_64_TO_32_BIT_CONVERSION = YES;
				GCC_WARN_ABOUT_RETURN_TYPE = YES_ERROR;
				GCC_WARN_UNDECLARED_SELECTOR = YES;
				GCC_WARN_UNINITIALIZED_AUTOS = YES_AGGRESSIVE;
				GCC_WARN_UNUSED_FUNCTION = YES;
				GCC_WARN_UNUSED_VARIABLE = YES;
				IPHONEOS_DEPLOYMENT_TARGET = 15.5;
				MTL_ENABLE_DEBUG_INFO = INCLUDE_SOURCE;
				MTL_FAST_MATH = YES;
				ONLY_ACTIVE_ARCH = YES;
				SDKROOT = iphoneos;
				SWIFT_ACTIVE_COMPILATION_CONDITIONS = DEBUG;
				SWIFT_OPTIMIZATION_LEVEL = "-Onone";
			};
			name = Debug;
		};
		0601DE2E28CB2A1500116FD6 /* Release */ = {
			isa = XCBuildConfiguration;
			buildSettings = {
				ALWAYS_SEARCH_USER_PATHS = NO;
				CLANG_ANALYZER_NONNULL = YES;
				CLANG_ANALYZER_NUMBER_OBJECT_CONVERSION = YES_AGGRESSIVE;
				CLANG_CXX_LANGUAGE_STANDARD = "gnu++17";
				CLANG_ENABLE_MODULES = YES;
				CLANG_ENABLE_OBJC_ARC = YES;
				CLANG_ENABLE_OBJC_WEAK = YES;
				CLANG_WARN_BLOCK_CAPTURE_AUTORELEASING = YES;
				CLANG_WARN_BOOL_CONVERSION = YES;
				CLANG_WARN_COMMA = YES;
				CLANG_WARN_CONSTANT_CONVERSION = YES;
				CLANG_WARN_DEPRECATED_OBJC_IMPLEMENTATIONS = YES;
				CLANG_WARN_DIRECT_OBJC_ISA_USAGE = YES_ERROR;
				CLANG_WARN_DOCUMENTATION_COMMENTS = YES;
				CLANG_WARN_EMPTY_BODY = YES;
				CLANG_WARN_ENUM_CONVERSION = YES;
				CLANG_WARN_INFINITE_RECURSION = YES;
				CLANG_WARN_INT_CONVERSION = YES;
				CLANG_WARN_NON_LITERAL_NULL_CONVERSION = YES;
				CLANG_WARN_OBJC_IMPLICIT_RETAIN_SELF = YES;
				CLANG_WARN_OBJC_LITERAL_CONVERSION = YES;
				CLANG_WARN_OBJC_ROOT_CLASS = YES_ERROR;
				CLANG_WARN_QUOTED_INCLUDE_IN_FRAMEWORK_HEADER = YES;
				CLANG_WARN_RANGE_LOOP_ANALYSIS = YES;
				CLANG_WARN_STRICT_PROTOTYPES = YES;
				CLANG_WARN_SUSPICIOUS_MOVE = YES;
				CLANG_WARN_UNGUARDED_AVAILABILITY = YES_AGGRESSIVE;
				CLANG_WARN_UNREACHABLE_CODE = YES;
				CLANG_WARN__DUPLICATE_METHOD_MATCH = YES;
				COPY_PHASE_STRIP = NO;
				DEBUG_INFORMATION_FORMAT = "dwarf-with-dsym";
				ENABLE_NS_ASSERTIONS = NO;
				ENABLE_STRICT_OBJC_MSGSEND = YES;
				GCC_C_LANGUAGE_STANDARD = gnu11;
				GCC_NO_COMMON_BLOCKS = YES;
				GCC_WARN_64_TO_32_BIT_CONVERSION = YES;
				GCC_WARN_ABOUT_RETURN_TYPE = YES_ERROR;
				GCC_WARN_UNDECLARED_SELECTOR = YES;
				GCC_WARN_UNINITIALIZED_AUTOS = YES_AGGRESSIVE;
				GCC_WARN_UNUSED_FUNCTION = YES;
				GCC_WARN_UNUSED_VARIABLE = YES;
				IPHONEOS_DEPLOYMENT_TARGET = 15.5;
				MTL_ENABLE_DEBUG_INFO = NO;
				MTL_FAST_MATH = YES;
				SDKROOT = iphoneos;
				SWIFT_COMPILATION_MODE = wholemodule;
				SWIFT_OPTIMIZATION_LEVEL = "-O";
				VALIDATE_PRODUCT = YES;
			};
			name = Release;
		};
		0601DE3028CB2A1500116FD6 /* Debug */ = {
			isa = XCBuildConfiguration;
			buildSettings = {
				ASSETCATALOG_COMPILER_APPICON_NAME = AppIcon;
				ASSETCATALOG_COMPILER_GLOBAL_ACCENT_COLOR_NAME = AccentColor;
				CODE_SIGN_STYLE = Automatic;
				CURRENT_PROJECT_VERSION = 1;
				DEVELOPMENT_TEAM = 7Z2CV7TB8R;
				GENERATE_INFOPLIST_FILE = YES;
				INFOPLIST_FILE = test_needle/Info.plist;
				INFOPLIST_KEY_UIApplicationSupportsIndirectInputEvents = YES;
				INFOPLIST_KEY_UILaunchStoryboardName = LaunchScreen;
				INFOPLIST_KEY_UIMainStoryboardFile = Main;
				INFOPLIST_KEY_UISupportedInterfaceOrientations_iPad = "UIInterfaceOrientationPortrait UIInterfaceOrientationPortraitUpsideDown UIInterfaceOrientationLandscapeLeft UIInterfaceOrientationLandscapeRight";
				INFOPLIST_KEY_UISupportedInterfaceOrientations_iPhone = "UIInterfaceOrientationPortrait UIInterfaceOrientationLandscapeLeft UIInterfaceOrientationLandscapeRight";
				LD_RUNPATH_SEARCH_PATHS = (
					"$(inherited)",
					"@executable_path/Frameworks",
				);
				MARKETING_VERSION = 1.0;
				PRODUCT_BUNDLE_IDENTIFIER = "ns.test-needle";
				PRODUCT_NAME = "$(TARGET_NAME)";
				SWIFT_EMIT_LOC_STRINGS = YES;
				SWIFT_VERSION = 5.0;
				TARGETED_DEVICE_FAMILY = "1,2";
			};
			name = Debug;
		};
		0601DE3128CB2A1500116FD6 /* Release */ = {
			isa = XCBuildConfiguration;
			buildSettings = {
				ASSETCATALOG_COMPILER_APPICON_NAME = AppIcon;
				ASSETCATALOG_COMPILER_GLOBAL_ACCENT_COLOR_NAME = AccentColor;
				CODE_SIGN_STYLE = Automatic;
				CURRENT_PROJECT_VERSION = 1;
				DEVELOPMENT_TEAM = 7Z2CV7TB8R;
				GENERATE_INFOPLIST_FILE = YES;
				INFOPLIST_FILE = test_needle/Info.plist;
				INFOPLIST_KEY_UIApplicationSupportsIndirectInputEvents = YES;
				INFOPLIST_KEY_UILaunchStoryboardName = LaunchScreen;
				INFOPLIST_KEY_UIMainStoryboardFile = Main;
				INFOPLIST_KEY_UISupportedInterfaceOrientations_iPad = "UIInterfaceOrientationPortrait UIInterfaceOrientationPortraitUpsideDown UIInterfaceOrientationLandscapeLeft UIInterfaceOrientationLandscapeRight";
				INFOPLIST_KEY_UISupportedInterfaceOrientations_iPhone = "UIInterfaceOrientationPortrait UIInterfaceOrientationLandscapeLeft UIInterfaceOrientationLandscapeRight";
				LD_RUNPATH_SEARCH_PATHS = (
					"$(inherited)",
					"@executable_path/Frameworks",
				);
				MARKETING_VERSION = 1.0;
				PRODUCT_BUNDLE_IDENTIFIER = "ns.test-needle";
				PRODUCT_NAME = "$(TARGET_NAME)";
				SWIFT_EMIT_LOC_STRINGS = YES;
				SWIFT_VERSION = 5.0;
				TARGETED_DEVICE_FAMILY = "1,2";
			};
			name = Release;
		};
/* End XCBuildConfiguration section */

/* Begin XCConfigurationList section */
		0601DE1628CB2A1300116FD6 /* Build configuration list for PBXProject "test_needle" */ = {
			isa = XCConfigurationList;
			buildConfigurations = (
				0601DE2D28CB2A1500116FD6 /* Debug */,
				0601DE2E28CB2A1500116FD6 /* Release */,
			);
			defaultConfigurationIsVisible = 0;
			defaultConfigurationName = Release;
		};
		0601DE2F28CB2A1500116FD6 /* Build configuration list for PBXNativeTarget "test_needle" */ = {
			isa = XCConfigurationList;
			buildConfigurations = (
				0601DE3028CB2A1500116FD6 /* Debug */,
				0601DE3128CB2A1500116FD6 /* Release */,
			);
			defaultConfigurationIsVisible = 0;
			defaultConfigurationName = Release;
		};
/* End XCConfigurationList section */

/* Begin XCRemoteSwiftPackageReference section */
		0601DE3228CB2D8F00116FD6 /* XCRemoteSwiftPackageReference "needle" */ = {
			isa = XCRemoteSwiftPackageReference;
			repositoryURL = "https://github.com/uber/needle.git";
			requirement = {
				kind = upToNextMinorVersion;
				minimumVersion = 0.19.0;
			};
		};
/* End XCRemoteSwiftPackageReference section */

/* Begin XCSwiftPackageProductDependency section */
		0601DE3328CB2D8F00116FD6 /* NeedleFoundation */ = {
			isa = XCSwiftPackageProductDependency;
			package = 0601DE3228CB2D8F00116FD6 /* XCRemoteSwiftPackageReference "needle" */;
			productName = NeedleFoundation;
		};
/* End XCSwiftPackageProductDependency section */
	};
	rootObject = 0601DE1328CB2A1300116FD6 /* Project object */;
}
